
Microsoft Visual Studio Solution File, Format Version 12.00
# Visual Studio Version 17
VisualStudioVersion = 17.0.31903.59
MinimumVisualStudioVersion = 10.0.40219.1
Project("{FAE04EC0-301F-11D3-BF4B-00C04F79EFBC}") = "Online Sells Site", "Online Sells Site.csproj", "{6CDF2560-DB3B-4263-8622-2FE5548AABDA}"
EndProject
Project("{FAE04EC0-301F-11D3-BF4B-00C04F79EFBC}") = "DomainLayer", "..\DomainLayer\DomainLayer.csproj", "{F94C9611-43C5-4845-806D-11EBE12A0426}"
EndProject
Project("{FAE04EC0-301F-11D3-BF4B-00C04F79EFBC}") = "RepositoryLayer", "..\RepositoryLayer\RepositoryLayer.csproj", "{705D2A16-A950-44C6-9575-D0768B72685A}"
EndProject
Project("{FAE04EC0-301F-11D3-BF4B-00C04F79EFBC}") = "ServiceLayer", "..\ServiceLayer\ServiceLayer.csproj", "{318238FC-D7F4-489F-AE04-115D386D080C}"
EndProject
Global
	GlobalSection(SolutionConfigurationPlatforms) = preSolution
		Debug|Any CPU = Debug|Any CPU
		Release|Any CPU = Release|Any CPU
	EndGlobalSection
	GlobalSection(ProjectConfigurationPlatforms) = postSolution
		{6CDF2560-DB3B-4263-8622-2FE5548AABDA}.Debug|Any CPU.ActiveCfg = Debug|Any CPU
		{6CDF2560-DB3B-4263-8622-2FE5548AABDA}.Debug|Any CPU.Build.0 = Debug|Any CPU
		{6CDF2560-DB3B-4263-8622-2FE5548AABDA}.Release|Any CPU.ActiveCfg = Release|Any CPU
		{6CDF2560-DB3B-4263-8622-2FE5548AABDA}.Release|Any CPU.Build.0 = Release|Any CPU
		{F94C9611-43C5-4845-806D-11EBE12A0426}.Debug|Any CPU.ActiveCfg = Debug|Any CPU
		{F94C9611-43C5-4845-806D-11EBE12A0426}.Debug|Any CPU.Build.0 = Debug|Any CPU
		{F94C9611-43C5-4845-806D-11EBE12A0426}.Release|Any CPU.ActiveCfg = Release|Any CPU
		{F94C9611-43C5-4845-806D-11EBE12A0426}.Release|Any CPU.Build.0 = Release|Any CPU
		{705D2A16-A950-44C6-9575-D0768B72685A}.Debug|Any CPU.ActiveCfg = Debug|Any CPU
		{705D2A16-A950-44C6-9575-D0768B72685A}.Debug|Any CPU.Build.0 = Debug|Any CPU
		{705D2A16-A950-44C6-9575-D0768B72685A}.Release|Any CPU.ActiveCfg = Release|Any CPU
		{705D2A16-A950-44C6-9575-D0768B72685A}.Release|Any CPU.Build.0 = Release|Any CPU
		{318238FC-D7F4-489F-AE04-115D386D080C}.Debug|Any CPU.ActiveCfg = Debug|Any CPU
		{318238FC-D7F4-489F-AE04-115D386D080C}.Debug|Any CPU.Build.0 = Debug|Any CPU
		{318238FC-D7F4-489F-AE04-115D386D080C}.Release|Any CPU.ActiveCfg = Release|Any CPU
		{318238FC-D7F4-489F-AE04-115D386D080C}.Release|Any CPU.Build.0 = Release|Any CPU
	EndGlobalSection
	GlobalSection(SolutionProperties) = preSolution
		HideSolutionNode = FALSE
	EndGlobalSection
	GlobalSection(ExtensibilityGlobals) = postSolution
		SolutionGuid = {DFFC6DEF-1D57-40A3-8AF9-C03BB7E4FB65}
	EndGlobalSection
EndGlobal
